
Microsoft Visual Studio Solution File, Format Version 10.00
# Visual Studio 2008
Project("{8BC9CEB8-8B4A-11D0-8D11-00A0C91BC942}") = "lightspeed-15.01", "lightspeed\lightspeed.vcproj", "{9200DF2A-2CE6-41FC-B6BF-EF7DE0DC95F6}"
EndProject
Project("{8BC9CEB8-8B4A-11D0-8D11-00A0C91BC942}") = "jsonrpcserver", "jsonrpcserver\jsonrpcserver.vcproj", "{9E1232C0-6D3A-4DBB-A636-72F5C4FB13E8}"
EndProject
Project("{8BC9CEB8-8B4A-11D0-8D11-00A0C91BC942}") = "qrpass", "qrpass\qrpass.vcproj", "{0CF57B76-7A9F-4960-9A31-F2CFE541F1DC}"
EndProject
Global
	GlobalSection(SolutionConfigurationPlatforms) = preSolution
		Debug|Win32 = Debug|Win32
		Release|Win32 = Release|Win32
	EndGlobalSection
	GlobalSection(ProjectConfigurationPlatforms) = postSolution
		{9200DF2A-2CE6-41FC-B6BF-EF7DE0DC95F6}.Debug|Win32.ActiveCfg = Debug|Win32
		{9200DF2A-2CE6-41FC-B6BF-EF7DE0DC95F6}.Debug|Win32.Build.0 = Debug|Win32
		{9200DF2A-2CE6-41FC-B6BF-EF7DE0DC95F6}.Release|Win32.ActiveCfg = Release|Win32
		{9200DF2A-2CE6-41FC-B6BF-EF7DE0DC95F6}.Release|Win32.Build.0 = Release|Win32
		{9E1232C0-6D3A-4DBB-A636-72F5C4FB13E8}.Debug|Win32.ActiveCfg = Debug|Win32
		{9E1232C0-6D3A-4DBB-A636-72F5C4FB13E8}.Debug|Win32.Build.0 = Debug|Win32
		{9E1232C0-6D3A-4DBB-A636-72F5C4FB13E8}.Release|Win32.ActiveCfg = Release|Win32
		{9E1232C0-6D3A-4DBB-A636-72F5C4FB13E8}.Release|Win32.Build.0 = Release|Win32
		{0CF57B76-7A9F-4960-9A31-F2CFE541F1DC}.Debug|Win32.ActiveCfg = Debug|Win32
		{0CF57B76-7A9F-4960-9A31-F2CFE541F1DC}.Debug|Win32.Build.0 = Debug|Win32
		{0CF57B76-7A9F-4960-9A31-F2CFE541F1DC}.Release|Win32.ActiveCfg = Release|Win32
		{0CF57B76-7A9F-4960-9A31-F2CFE541F1DC}.Release|Win32.Build.0 = Release|Win32
	EndGlobalSection
	GlobalSection(SolutionProperties) = preSolution
		HideSolutionNode = FALSE
	EndGlobalSection
EndGlobal
